
Microsoft Visual Studio Solution File, Format Version 12.00
# Visual Studio 15
VisualStudioVersion = 15.0.28010.2048
MinimumVisualStudioVersion = 10.0.40219.1
Project("{FAE04EC0-301F-11D3-BF4B-00C04F79EFBC}") = "Main", "Main\Main.csproj", "{903F6FD5-0BA3-4C76-B8AE-17E08F5454EC}"
EndProject
Global
	GlobalSection(SolutionConfigurationPlatforms) = preSolution
		Debug|Any CPU = Debug|Any CPU
		Release|Any CPU = Release|Any CPU
	EndGlobalSection
	GlobalSection(ProjectConfigurationPlatforms) = postSolution
		{903F6FD5-0BA3-4C76-B8AE-17E08F5454EC}.Debug|Any CPU.ActiveCfg = Debug|Any CPU
		{903F6FD5-0BA3-4C76-B8AE-17E08F5454EC}.Debug|Any CPU.Build.0 = Debug|Any CPU
		{903F6FD5-0BA3-4C76-B8AE-17E08F5454EC}.Release|Any CPU.ActiveCfg = Release|Any CPU
		{903F6FD5-0BA3-4C76-B8AE-17E08F5454EC}.Release|Any CPU.Build.0 = Release|Any CPU
	EndGlobalSection
	GlobalSection(SolutionProperties) = preSolution
		HideSolutionNode = FALSE
	EndGlobalSection
	GlobalSection(ExtensibilityGlobals) = postSolution
		SolutionGuid = {68F7B80F-DFF1-4FF8-80D4-3977DA2C8357}
	EndGlobalSection
EndGlobal
